// !$*UTF8*$!
{
	archiveVersion = 1;
	classes = {
	};
	objectVersion = 46;
	objects = {

/* Begin PBXBuildFile section */
		7420A45F1CC369D8003033AC /* DataFactory.m in Sources */ = {isa = PBXBuildFile; fileRef = 7420A45E1CC369D8003033AC /* DataFactory.m */; };
		74372DB51C9EB14000A27DAD /* main.m in Sources */ = {isa = PBXBuildFile; fileRef = 74372DB41C9EB14000A27DAD /* main.m */; };
		74372DB81C9EB14000A27DAD /* AppDelegate.m in Sources */ = {isa = PBXBuildFile; fileRef = 74372DB71C9EB14000A27DAD /* AppDelegate.m */; };
		74372DBB1C9EB14000A27DAD /* ChatViewController.m in Sources */ = {isa = PBXBuildFile; fileRef = 74372DBA1C9EB14000A27DAD /* ChatViewController.m */; };
		74372DBE1C9EB14000A27DAD /* Main.storyboard in Resources */ = {isa = PBXBuildFile; fileRef = 74372DBC1C9EB14000A27DAD /* Main.storyboard */; };
		74372DC01C9EB14000A27DAD /* Assets.xcassets in Resources */ = {isa = PBXBuildFile; fileRef = 74372DBF1C9EB14000A27DAD /* Assets.xcassets */; };
		74372DC31C9EB14000A27DAD /* LaunchScreen.storyboard in Resources */ = {isa = PBXBuildFile; fileRef = 74372DC11C9EB14000A27DAD /* LaunchScreen.storyboard */; };
		74372DCE1C9EB14000A27DAD /* WeChatTests.m in Sources */ = {isa = PBXBuildFile; fileRef = 74372DCD1C9EB14000A27DAD /* WeChatTests.m */; };
		74372DD91C9EB14000A27DAD /* WeChatUITests.m in Sources */ = {isa = PBXBuildFile; fileRef = 74372DD81C9EB14000A27DAD /* WeChatUITests.m */; };
		74372DE91C9EC3DA00A27DAD /* CALayer+Additions.m in Sources */ = {isa = PBXBuildFile; fileRef = 74372DE81C9EC3DA00A27DAD /* CALayer+Additions.m */; };
		74372DEC1C9ED9B800A27DAD /* ChatTableViewController.m in Sources */ = {isa = PBXBuildFile; fileRef = 74372DEB1C9ED9B800A27DAD /* ChatTableViewController.m */; };
		74B90DC91CC32153004C4CA6 /* Message.m in Sources */ = {isa = PBXBuildFile; fileRef = 74B90DC21CC32153004C4CA6 /* Message.m */; };
		74B90DCA1CC32153004C4CA6 /* Message+CoreDataProperties.m in Sources */ = {isa = PBXBuildFile; fileRef = 74B90DC41CC32153004C4CA6 /* Message+CoreDataProperties.m */; };
		74B90DCB1CC32153004C4CA6 /* MessageSession.m in Sources */ = {isa = PBXBuildFile; fileRef = 74B90DC61CC32153004C4CA6 /* MessageSession.m */; };
		74B90DCC1CC32153004C4CA6 /* MessageSession+CoreDataProperties.m in Sources */ = {isa = PBXBuildFile; fileRef = 74B90DC81CC32153004C4CA6 /* MessageSession+CoreDataProperties.m */; };
		74CB658D1CC20D680071E1A3 /* WeChat.xcdatamodeld in Sources */ = {isa = PBXBuildFile; fileRef = 74CB658B1CC20D680071E1A3 /* WeChat.xcdatamodeld */; };
		74CB65901CC21F5C0071E1A3 /* CoreDataHelper.m in Sources */ = {isa = PBXBuildFile; fileRef = 74CB658F1CC21F5C0071E1A3 /* CoreDataHelper.m */; };
		74CB65AF1CC242C10071E1A3 /* CoreDataTableViewController.m in Sources */ = {isa = PBXBuildFile; fileRef = 74CB65AE1CC242C10071E1A3 /* CoreDataTableViewController.m */; };
		74CB65B21CC244210071E1A3 /* ChatSessionViewController.m in Sources */ = {isa = PBXBuildFile; fileRef = 74CB65B11CC244210071E1A3 /* ChatSessionViewController.m */; };
		DBAE8A0A1C9F94550030BF18 /* ChatExtraPanel.m in Sources */ = {isa = PBXBuildFile; fileRef = DBAE8A091C9F94550030BF18 /* ChatExtraPanel.m */; };
		DBAE8A0D1C9F94790030BF18 /* ChatExpressionPanel.m in Sources */ = {isa = PBXBuildFile; fileRef = DBAE8A0C1C9F94790030BF18 /* ChatExpressionPanel.m */; };
		DBAE8A111C9FD0D20030BF18 /* UIView+Frame.m in Sources */ = {isa = PBXBuildFile; fileRef = DBAE8A101C9FD0D20030BF18 /* UIView+Frame.m */; };
		DBAE8A131C9FEA450030BF18 /* Expression_String.plist in Resources */ = {isa = PBXBuildFile; fileRef = DBAE8A121C9FEA450030BF18 /* Expression_String.plist */; };
/* End PBXBuildFile section */

/* Begin PBXContainerItemProxy section */
		74372DCA1C9EB14000A27DAD /* PBXContainerItemProxy */ = {
			isa = PBXContainerItemProxy;
			containerPortal = 74372DA81C9EB14000A27DAD /* Project object */;
			proxyType = 1;
			remoteGlobalIDString = 74372DAF1C9EB14000A27DAD;
			remoteInfo = WeChat;
		};
		74372DD51C9EB14000A27DAD /* PBXContainerItemProxy */ = {
			isa = PBXContainerItemProxy;
			containerPortal = 74372DA81C9EB14000A27DAD /* Project object */;
			proxyType = 1;
			remoteGlobalIDString = 74372DAF1C9EB14000A27DAD;
			remoteInfo = WeChat;
		};
/* End PBXContainerItemProxy section */

/* Begin PBXFileReference section */
		7420A45D1CC369D8003033AC /* DataFactory.h */ = {isa = PBXFileReference; fileEncoding = 4; lastKnownFileType = sourcecode.c.h; path = DataFactory.h; sourceTree = "<group>"; };
		7420A45E1CC369D8003033AC /* DataFactory.m */ = {isa = PBXFileReference; fileEncoding = 4; lastKnownFileType = sourcecode.c.objc; path = DataFactory.m; sourceTree = "<group>"; };
		74372DB01C9EB14000A27DAD /* WeChat.app */ = {isa = PBXFileReference; explicitFileType = wrapper.application; includeInIndex = 0; path = WeChat.app; sourceTree = BUILT_PRODUCTS_DIR; };
		74372DB41C9EB14000A27DAD /* main.m */ = {isa = PBXFileReference; lastKnownFileType = sourcecode.c.objc; path = main.m; sourceTree = "<group>"; };
		74372DB61C9EB14000A27DAD /* AppDelegate.h */ = {isa = PBXFileReference; lastKnownFileType = sourcecode.c.h; path = AppDelegate.h; sourceTree = "<group>"; };
		74372DB71C9EB14000A27DAD /* AppDelegate.m */ = {isa = PBXFileReference; lastKnownFileType = sourcecode.c.objc; path = AppDelegate.m; sourceTree = "<group>"; };
		74372DB91C9EB14000A27DAD /* ChatViewController.h */ = {isa = PBXFileReference; lastKnownFileType = sourcecode.c.h; path = ChatViewController.h; sourceTree = "<group>"; };
		74372DBA1C9EB14000A27DAD /* ChatViewController.m */ = {isa = PBXFileReference; lastKnownFileType = sourcecode.c.objc; path = ChatViewController.m; sourceTree = "<group>"; };
		74372DBD1C9EB14000A27DAD /* Base */ = {isa = PBXFileReference; lastKnownFileType = file.storyboard; name = Base; path = Base.lproj/Main.storyboard; sourceTree = "<group>"; };
		74372DBF1C9EB14000A27DAD /* Assets.xcassets */ = {isa = PBXFileReference; lastKnownFileType = folder.assetcatalog; path = Assets.xcassets; sourceTree = "<group>"; };
		74372DC21C9EB14000A27DAD /* Base */ = {isa = PBXFileReference; lastKnownFileType = file.storyboard; name = Base; path = Base.lproj/LaunchScreen.storyboard; sourceTree = "<group>"; };
		74372DC41C9EB14000A27DAD /* Info.plist */ = {isa = PBXFileReference; lastKnownFileType = text.plist.xml; path = Info.plist; sourceTree = "<group>"; };
		74372DC91C9EB14000A27DAD /* WeChatTests.xctest */ = {isa = PBXFileReference; explicitFileType = wrapper.cfbundle; includeInIndex = 0; path = WeChatTests.xctest; sourceTree = BUILT_PRODUCTS_DIR; };
		74372DCD1C9EB14000A27DAD /* WeChatTests.m */ = {isa = PBXFileReference; lastKnownFileType = sourcecode.c.objc; path = WeChatTests.m; sourceTree = "<group>"; };
		74372DCF1C9EB14000A27DAD /* Info.plist */ = {isa = PBXFileReference; lastKnownFileType = text.plist.xml; path = Info.plist; sourceTree = "<group>"; };
		74372DD41C9EB14000A27DAD /* WeChatUITests.xctest */ = {isa = PBXFileReference; explicitFileType = wrapper.cfbundle; includeInIndex = 0; path = WeChatUITests.xctest; sourceTree = BUILT_PRODUCTS_DIR; };
		74372DD81C9EB14000A27DAD /* WeChatUITests.m */ = {isa = PBXFileReference; lastKnownFileType = sourcecode.c.objc; path = WeChatUITests.m; sourceTree = "<group>"; };
		74372DDA1C9EB14000A27DAD /* Info.plist */ = {isa = PBXFileReference; lastKnownFileType = text.plist.xml; path = Info.plist; sourceTree = "<group>"; };
		74372DE71C9EC3DA00A27DAD /* CALayer+Additions.h */ = {isa = PBXFileReference; fileEncoding = 4; lastKnownFileType = sourcecode.c.h; path = "CALayer+Additions.h"; sourceTree = "<group>"; };
		74372DE81C9EC3DA00A27DAD /* CALayer+Additions.m */ = {isa = PBXFileReference; fileEncoding = 4; lastKnownFileType = sourcecode.c.objc; path = "CALayer+Additions.m"; sourceTree = "<group>"; };
		74372DEA1C9ED9B800A27DAD /* ChatTableViewController.h */ = {isa = PBXFileReference; fileEncoding = 4; lastKnownFileType = sourcecode.c.h; path = ChatTableViewController.h; sourceTree = "<group>"; };
		74372DEB1C9ED9B800A27DAD /* ChatTableViewController.m */ = {isa = PBXFileReference; fileEncoding = 4; lastKnownFileType = sourcecode.c.objc; path = ChatTableViewController.m; sourceTree = "<group>"; };
		74B90DC11CC32153004C4CA6 /* Message.h */ = {isa = PBXFileReference; fileEncoding = 4; lastKnownFileType = sourcecode.c.h; path = Message.h; sourceTree = "<group>"; };
		74B90DC21CC32153004C4CA6 /* Message.m */ = {isa = PBXFileReference; fileEncoding = 4; lastKnownFileType = sourcecode.c.objc; path = Message.m; sourceTree = "<group>"; };
		74B90DC31CC32153004C4CA6 /* Message+CoreDataProperties.h */ = {isa = PBXFileReference; fileEncoding = 4; lastKnownFileType = sourcecode.c.h; path = "Message+CoreDataProperties.h"; sourceTree = "<group>"; };
		74B90DC41CC32153004C4CA6 /* Message+CoreDataProperties.m */ = {isa = PBXFileReference; fileEncoding = 4; lastKnownFileType = sourcecode.c.objc; path = "Message+CoreDataProperties.m"; sourceTree = "<group>"; };
		74B90DC51CC32153004C4CA6 /* MessageSession.h */ = {isa = PBXFileReference; fileEncoding = 4; lastKnownFileType = sourcecode.c.h; path = MessageSession.h; sourceTree = "<group>"; };
		74B90DC61CC32153004C4CA6 /* MessageSession.m */ = {isa = PBXFileReference; fileEncoding = 4; lastKnownFileType = sourcecode.c.objc; path = MessageSession.m; sourceTree = "<group>"; };
		74B90DC71CC32153004C4CA6 /* MessageSession+CoreDataProperties.h */ = {isa = PBXFileReference; fileEncoding = 4; lastKnownFileType = sourcecode.c.h; path = "MessageSession+CoreDataProperties.h"; sourceTree = "<group>"; };
		74B90DC81CC32153004C4CA6 /* MessageSession+CoreDataProperties.m */ = {isa = PBXFileReference; fileEncoding = 4; lastKnownFileType = sourcecode.c.objc; path = "MessageSession+CoreDataProperties.m"; sourceTree = "<group>"; };
		74CB658C1CC20D680071E1A3 /* WeChat.xcdatamodel */ = {isa = PBXFileReference; lastKnownFileType = wrapper.xcdatamodel; path = WeChat.xcdatamodel; sourceTree = "<group>"; };
		74CB658E1CC21F5C0071E1A3 /* CoreDataHelper.h */ = {isa = PBXFileReference; fileEncoding = 4; lastKnownFileType = sourcecode.c.h; path = CoreDataHelper.h; sourceTree = "<group>"; };
		74CB658F1CC21F5C0071E1A3 /* CoreDataHelper.m */ = {isa = PBXFileReference; fileEncoding = 4; lastKnownFileType = sourcecode.c.objc; path = CoreDataHelper.m; sourceTree = "<group>"; };
		74CB65AD1CC242C10071E1A3 /* CoreDataTableViewController.h */ = {isa = PBXFileReference; fileEncoding = 4; lastKnownFileType = sourcecode.c.h; path = CoreDataTableViewController.h; sourceTree = "<group>"; };
		74CB65AE1CC242C10071E1A3 /* CoreDataTableViewController.m */ = {isa = PBXFileReference; fileEncoding = 4; lastKnownFileType = sourcecode.c.objc; path = CoreDataTableViewController.m; sourceTree = "<group>"; };
		74CB65B01CC244210071E1A3 /* ChatSessionViewController.h */ = {isa = PBXFileReference; fileEncoding = 4; lastKnownFileType = sourcecode.c.h; path = ChatSessionViewController.h; sourceTree = "<group>"; };
		74CB65B11CC244210071E1A3 /* ChatSessionViewController.m */ = {isa = PBXFileReference; fileEncoding = 4; lastKnownFileType = sourcecode.c.objc; path = ChatSessionViewController.m; sourceTree = "<group>"; };
		DBAE8A081C9F94550030BF18 /* ChatExtraPanel.h */ = {isa = PBXFileReference; fileEncoding = 4; lastKnownFileType = sourcecode.c.h; path = ChatExtraPanel.h; sourceTree = "<group>"; };
		DBAE8A091C9F94550030BF18 /* ChatExtraPanel.m */ = {isa = PBXFileReference; fileEncoding = 4; lastKnownFileType = sourcecode.c.objc; path = ChatExtraPanel.m; sourceTree = "<group>"; };
		DBAE8A0B1C9F94790030BF18 /* ChatExpressionPanel.h */ = {isa = PBXFileReference; fileEncoding = 4; lastKnownFileType = sourcecode.c.h; path = ChatExpressionPanel.h; sourceTree = "<group>"; };
		DBAE8A0C1C9F94790030BF18 /* ChatExpressionPanel.m */ = {isa = PBXFileReference; fileEncoding = 4; lastKnownFileType = sourcecode.c.objc; path = ChatExpressionPanel.m; sourceTree = "<group>"; };
		DBAE8A0E1C9F9E630030BF18 /* WeChat.pch */ = {isa = PBXFileReference; lastKnownFileType = sourcecode.c.h; path = WeChat.pch; sourceTree = "<group>"; };
		DBAE8A0F1C9FD0D20030BF18 /* UIView+Frame.h */ = {isa = PBXFileReference; fileEncoding = 4; lastKnownFileType = sourcecode.c.h; path = "UIView+Frame.h"; sourceTree = "<group>"; };
		DBAE8A101C9FD0D20030BF18 /* UIView+Frame.m */ = {isa = PBXFileReference; fileEncoding = 4; lastKnownFileType = sourcecode.c.objc; path = "UIView+Frame.m"; sourceTree = "<group>"; };
		DBAE8A121C9FEA450030BF18 /* Expression_String.plist */ = {isa = PBXFileReference; fileEncoding = 4; lastKnownFileType = text.plist.xml; path = Expression_String.plist; sourceTree = "<group>"; };
/* End PBXFileReference section */

/* Begin PBXFrameworksBuildPhase section */
		74372DAD1C9EB14000A27DAD /* Frameworks */ = {
			isa = PBXFrameworksBuildPhase;
			buildActionMask = 2147483647;
			files = (
			);
			runOnlyForDeploymentPostprocessing = 0;
		};
		74372DC61C9EB14000A27DAD /* Frameworks */ = {
			isa = PBXFrameworksBuildPhase;
			buildActionMask = 2147483647;
			files = (
			);
			runOnlyForDeploymentPostprocessing = 0;
		};
		74372DD11C9EB14000A27DAD /* Frameworks */ = {
			isa = PBXFrameworksBuildPhase;
			buildActionMask = 2147483647;
			files = (
			);
			runOnlyForDeploymentPostprocessing = 0;
		};
/* End PBXFrameworksBuildPhase section */

/* Begin PBXGroup section */
		74372DA71C9EB14000A27DAD = {
			isa = PBXGroup;
			children = (
				748F2E631CC20CDB00B4E2CB /* CoreData */,
				DBAE8A071C9F93780030BF18 /* Views */,
				74372DE61C9EC3DA00A27DAD /* Category */,
				74372DB21C9EB14000A27DAD /* WeChat */,
				74372DCC1C9EB14000A27DAD /* WeChatTests */,
				74372DD71C9EB14000A27DAD /* WeChatUITests */,
				74372DB11C9EB14000A27DAD /* Products */,
			);
			sourceTree = "<group>";
		};
		74372DB11C9EB14000A27DAD /* Products */ = {
			isa = PBXGroup;
			children = (
				74372DB01C9EB14000A27DAD /* WeChat.app */,
				74372DC91C9EB14000A27DAD /* WeChatTests.xctest */,
				74372DD41C9EB14000A27DAD /* WeChatUITests.xctest */,
			);
			name = Products;
			sourceTree = "<group>";
		};
		74372DB21C9EB14000A27DAD /* WeChat */ = {
			isa = PBXGroup;
			children = (
				74372DB61C9EB14000A27DAD /* AppDelegate.h */,
				74372DB71C9EB14000A27DAD /* AppDelegate.m */,
				74CB65B01CC244210071E1A3 /* ChatSessionViewController.h */,
				74CB65B11CC244210071E1A3 /* ChatSessionViewController.m */,
				74372DB91C9EB14000A27DAD /* ChatViewController.h */,
				74372DBA1C9EB14000A27DAD /* ChatViewController.m */,
				74372DEA1C9ED9B800A27DAD /* ChatTableViewController.h */,
				74372DEB1C9ED9B800A27DAD /* ChatTableViewController.m */,
				74372DBC1C9EB14000A27DAD /* Main.storyboard */,
				74372DBF1C9EB14000A27DAD /* Assets.xcassets */,
				74372DC11C9EB14000A27DAD /* LaunchScreen.storyboard */,
				74372DC41C9EB14000A27DAD /* Info.plist */,
				74372DB31C9EB14000A27DAD /* Supporting Files */,
				DBAE8A0E1C9F9E630030BF18 /* WeChat.pch */,
				DBAE8A121C9FEA450030BF18 /* Expression_String.plist */,
			);
			path = WeChat;
			sourceTree = "<group>";
		};
		74372DB31C9EB14000A27DAD /* Supporting Files */ = {
			isa = PBXGroup;
			children = (
				74372DB41C9EB14000A27DAD /* main.m */,
			);
			name = "Supporting Files";
			sourceTree = "<group>";
		};
		74372DCC1C9EB14000A27DAD /* WeChatTests */ = {
			isa = PBXGroup;
			children = (
				74372DCD1C9EB14000A27DAD /* WeChatTests.m */,
				74372DCF1C9EB14000A27DAD /* Info.plist */,
			);
			path = WeChatTests;
			sourceTree = "<group>";
		};
		74372DD71C9EB14000A27DAD /* WeChatUITests */ = {
			isa = PBXGroup;
			children = (
				74372DD81C9EB14000A27DAD /* WeChatUITests.m */,
				74372DDA1C9EB14000A27DAD /* Info.plist */,
			);
			path = WeChatUITests;
			sourceTree = "<group>";
		};
		74372DE61C9EC3DA00A27DAD /* Category */ = {
			isa = PBXGroup;
			children = (
				74372DE71C9EC3DA00A27DAD /* CALayer+Additions.h */,
				74372DE81C9EC3DA00A27DAD /* CALayer+Additions.m */,
				DBAE8A0F1C9FD0D20030BF18 /* UIView+Frame.h */,
				DBAE8A101C9FD0D20030BF18 /* UIView+Frame.m */,
			);
			path = Category;
			sourceTree = "<group>";
		};
		748F2E631CC20CDB00B4E2CB /* CoreData */ = {
			isa = PBXGroup;
			children = (
				74CB65911CC2385F0071E1A3 /* Models */,
				74CB658B1CC20D680071E1A3 /* WeChat.xcdatamodeld */,
				74CB658E1CC21F5C0071E1A3 /* CoreDataHelper.h */,
				74CB658F1CC21F5C0071E1A3 /* CoreDataHelper.m */,
				74CB65AD1CC242C10071E1A3 /* CoreDataTableViewController.h */,
				74CB65AE1CC242C10071E1A3 /* CoreDataTableViewController.m */,
				7420A45D1CC369D8003033AC /* DataFactory.h */,
				7420A45E1CC369D8003033AC /* DataFactory.m */,
			);
			path = CoreData;
			sourceTree = "<group>";
		};
		74CB65911CC2385F0071E1A3 /* Models */ = {
			isa = PBXGroup;
			children = (
				74B90DC11CC32153004C4CA6 /* Message.h */,
				74B90DC21CC32153004C4CA6 /* Message.m */,
				74B90DC31CC32153004C4CA6 /* Message+CoreDataProperties.h */,
				74B90DC41CC32153004C4CA6 /* Message+CoreDataProperties.m */,
				74B90DC51CC32153004C4CA6 /* MessageSession.h */,
				74B90DC61CC32153004C4CA6 /* MessageSession.m */,
				74B90DC71CC32153004C4CA6 /* MessageSession+CoreDataProperties.h */,
				74B90DC81CC32153004C4CA6 /* MessageSession+CoreDataProperties.m */,
			);
			path = Models;
			sourceTree = "<group>";
		};
		DBAE8A071C9F93780030BF18 /* Views */ = {
			isa = PBXGroup;
			children = (
				DBAE8A081C9F94550030BF18 /* ChatExtraPanel.h */,
				DBAE8A091C9F94550030BF18 /* ChatExtraPanel.m */,
				DBAE8A0B1C9F94790030BF18 /* ChatExpressionPanel.h */,
				DBAE8A0C1C9F94790030BF18 /* ChatExpressionPanel.m */,
			);
			path = Views;
			sourceTree = "<group>";
		};
/* End PBXGroup section */

/* Begin PBXNativeTarget section */
		74372DAF1C9EB14000A27DAD /* WeChat */ = {
			isa = PBXNativeTarget;
			buildConfigurationList = 74372DDD1C9EB14000A27DAD /* Build configuration list for PBXNativeTarget "WeChat" */;
			buildPhases = (
				74372DAC1C9EB14000A27DAD /* Sources */,
				74372DAD1C9EB14000A27DAD /* Frameworks */,
				74372DAE1C9EB14000A27DAD /* Resources */,
			);
			buildRules = (
			);
			dependencies = (
			);
			name = WeChat;
			productName = WeChat;
			productReference = 74372DB01C9EB14000A27DAD /* WeChat.app */;
			productType = "com.apple.product-type.application";
		};
		74372DC81C9EB14000A27DAD /* WeChatTests */ = {
			isa = PBXNativeTarget;
			buildConfigurationList = 74372DE01C9EB14000A27DAD /* Build configuration list for PBXNativeTarget "WeChatTests" */;
			buildPhases = (
				74372DC51C9EB14000A27DAD /* Sources */,
				74372DC61C9EB14000A27DAD /* Frameworks */,
				74372DC71C9EB14000A27DAD /* Resources */,
			);
			buildRules = (
			);
			dependencies = (
				74372DCB1C9EB14000A27DAD /* PBXTargetDependency */,
			);
			name = WeChatTests;
			productName = WeChatTests;
			productReference = 74372DC91C9EB14000A27DAD /* WeChatTests.xctest */;
			productType = "com.apple.product-type.bundle.unit-test";
		};
		74372DD31C9EB14000A27DAD /* WeChatUITests */ = {
			isa = PBXNativeTarget;
			buildConfigurationList = 74372DE31C9EB14000A27DAD /* Build configuration list for PBXNativeTarget "WeChatUITests" */;
			buildPhases = (
				74372DD01C9EB14000A27DAD /* Sources */,
				74372DD11C9EB14000A27DAD /* Frameworks */,
				74372DD21C9EB14000A27DAD /* Resources */,
			);
			buildRules = (
			);
			dependencies = (
				74372DD61C9EB14000A27DAD /* PBXTargetDependency */,
			);
			name = WeChatUITests;
			productName = WeChatUITests;
			productReference = 74372DD41C9EB14000A27DAD /* WeChatUITests.xctest */;
			productType = "com.apple.product-type.bundle.ui-testing";
		};
/* End PBXNativeTarget section */

/* Begin PBXProject section */
		74372DA81C9EB14000A27DAD /* Project object */ = {
			isa = PBXProject;
			attributes = {
				LastUpgradeCheck = 0720;
				ORGANIZATIONNAME = birneysky;
				TargetAttributes = {
					74372DAF1C9EB14000A27DAD = {
						CreatedOnToolsVersion = 7.2;
					};
					74372DC81C9EB14000A27DAD = {
						CreatedOnToolsVersion = 7.2;
						TestTargetID = 74372DAF1C9EB14000A27DAD;
					};
					74372DD31C9EB14000A27DAD = {
						CreatedOnToolsVersion = 7.2;
						TestTargetID = 74372DAF1C9EB14000A27DAD;
					};
				};
			};
			buildConfigurationList = 74372DAB1C9EB14000A27DAD /* Build configuration list for PBXProject "WeChat" */;
			compatibilityVersion = "Xcode 3.2";
			developmentRegion = English;
			hasScannedForEncodings = 0;
			knownRegions = (
				en,
				Base,
			);
			mainGroup = 74372DA71C9EB14000A27DAD;
			productRefGroup = 74372DB11C9EB14000A27DAD /* Products */;
			projectDirPath = "";
			projectRoot = "";
			targets = (
				74372DAF1C9EB14000A27DAD /* WeChat */,
				74372DC81C9EB14000A27DAD /* WeChatTests */,
				74372DD31C9EB14000A27DAD /* WeChatUITests */,
			);
		};
/* End PBXProject section */

/* Begin PBXResourcesBuildPhase section */
		74372DAE1C9EB14000A27DAD /* Resources */ = {
			isa = PBXResourcesBuildPhase;
			buildActionMask = 2147483647;
			files = (
				74372DC31C9EB14000A27DAD /* LaunchScreen.storyboard in Resources */,
				74372DC01C9EB14000A27DAD /* Assets.xcassets in Resources */,
				74372DBE1C9EB14000A27DAD /* Main.storyboard in Resources */,
				DBAE8A131C9FEA450030BF18 /* Expression_String.plist in Resources */,
			);
			runOnlyForDeploymentPostprocessing = 0;
		};
		74372DC71C9EB14000A27DAD /* Resources */ = {
			isa = PBXResourcesBuildPhase;
			buildActionMask = 2147483647;
			files = (
			);
			runOnlyForDeploymentPostprocessing = 0;
		};
		74372DD21C9EB14000A27DAD /* Resources */ = {
			isa = PBXResourcesBuildPhase;
			buildActionMask = 2147483647;
			files = (
			);
			runOnlyForDeploymentPostprocessing = 0;
		};
/* End PBXResourcesBuildPhase section */

/* Begin PBXSourcesBuildPhase section */
		74372DAC1C9EB14000A27DAD /* Sources */ = {
			isa = PBXSourcesBuildPhase;
			buildActionMask = 2147483647;
			files = (
				DBAE8A111C9FD0D20030BF18 /* UIView+Frame.m in Sources */,
				74372DBB1C9EB14000A27DAD /* ChatViewController.m in Sources */,
				74B90DCC1CC32153004C4CA6 /* MessageSession+CoreDataProperties.m in Sources */,
				74372DEC1C9ED9B800A27DAD /* ChatTableViewController.m in Sources */,
				74B90DCA1CC32153004C4CA6 /* Message+CoreDataProperties.m in Sources */,
				74372DE91C9EC3DA00A27DAD /* CALayer+Additions.m in Sources */,
				74372DB81C9EB14000A27DAD /* AppDelegate.m in Sources */,
				74372DB51C9EB14000A27DAD /* main.m in Sources */,
				74CB65B21CC244210071E1A3 /* ChatSessionViewController.m in Sources */,
				DBAE8A0A1C9F94550030BF18 /* ChatExtraPanel.m in Sources */,
				DBAE8A0D1C9F94790030BF18 /* ChatExpressionPanel.m in Sources */,
				74CB65901CC21F5C0071E1A3 /* CoreDataHelper.m in Sources */,
				74CB658D1CC20D680071E1A3 /* WeChat.xcdatamodeld in Sources */,
				74B90DC91CC32153004C4CA6 /* Message.m in Sources */,
				74B90DCB1CC32153004C4CA6 /* MessageSession.m in Sources */,
				74CB65AF1CC242C10071E1A3 /* CoreDataTableViewController.m in Sources */,
				7420A45F1CC369D8003033AC /* DataFactory.m in Sources */,
			);
			runOnlyForDeploymentPostprocessing = 0;
		};
		74372DC51C9EB14000A27DAD /* Sources */ = {
			isa = PBXSourcesBuildPhase;
			buildActionMask = 2147483647;
			files = (
				74372DCE1C9EB14000A27DAD /* WeChatTests.m in Sources */,
			);
			runOnlyForDeploymentPostprocessing = 0;
		};
		74372DD01C9EB14000A27DAD /* Sources */ = {
			isa = PBXSourcesBuildPhase;
			buildActionMask = 2147483647;
			files = (
				74372DD91C9EB14000A27DAD /* WeChatUITests.m in Sources */,
			);
			runOnlyForDeploymentPostprocessing = 0;
		};
/* End PBXSourcesBuildPhase section */

/* Begin PBXTargetDependency section */
		74372DCB1C9EB14000A27DAD /* PBXTargetDependency */ = {
			isa = PBXTargetDependency;
			target = 74372DAF1C9EB14000A27DAD /* WeChat */;
			targetProxy = 74372DCA1C9EB14000A27DAD /* PBXContainerItemProxy */;
		};
		74372DD61C9EB14000A27DAD /* PBXTargetDependency */ = {
			isa = PBXTargetDependency;
			target = 74372DAF1C9EB14000A27DAD /* WeChat */;
			targetProxy = 74372DD51C9EB14000A27DAD /* PBXContainerItemProxy */;
		};
/* End PBXTargetDependency section */

/* Begin PBXVariantGroup section */
		74372DBC1C9EB14000A27DAD /* Main.storyboard */ = {
			isa = PBXVariantGroup;
			children = (
				74372DBD1C9EB14000A27DAD /* Base */,
			);
			name = Main.storyboard;
			sourceTree = "<group>";
		};
		74372DC11C9EB14000A27DAD /* LaunchScreen.storyboard */ = {
			isa = PBXVariantGroup;
			children = (
				74372DC21C9EB14000A27DAD /* Base */,
			);
			name = LaunchScreen.storyboard;
			sourceTree = "<group>";
		};
/* End PBXVariantGroup section */

/* Begin XCBuildConfiguration section */
		74372DDB1C9EB14000A27DAD /* Debug */ = {
			isa = XCBuildConfiguration;
			buildSettings = {
				ALWAYS_SEARCH_USER_PATHS = NO;
				CLANG_CXX_LANGUAGE_STANDARD = "gnu++0x";
				CLANG_CXX_LIBRARY = "libc++";
				CLANG_ENABLE_MODULES = YES;
				CLANG_ENABLE_OBJC_ARC = YES;
				CLANG_WARN_BOOL_CONVERSION = YES;
				CLANG_WARN_CONSTANT_CONVERSION = YES;
				CLANG_WARN_DIRECT_OBJC_ISA_USAGE = YES_ERROR;
				CLANG_WARN_EMPTY_BODY = YES;
				CLANG_WARN_ENUM_CONVERSION = YES;
				CLANG_WARN_INT_CONVERSION = YES;
				CLANG_WARN_OBJC_ROOT_CLASS = YES_ERROR;
				CLANG_WARN_UNREACHABLE_CODE = YES;
				CLANG_WARN__DUPLICATE_METHOD_MATCH = YES;
				"CODE_SIGN_IDENTITY[sdk=iphoneos*]" = "iPhone Developer";
				COPY_PHASE_STRIP = NO;
				DEBUG_INFORMATION_FORMAT = dwarf;
				ENABLE_STRICT_OBJC_MSGSEND = YES;
				ENABLE_TESTABILITY = YES;
				GCC_C_LANGUAGE_STANDARD = gnu99;
				GCC_DYNAMIC_NO_PIC = NO;
				GCC_NO_COMMON_BLOCKS = YES;
				GCC_OPTIMIZATION_LEVEL = 0;
				GCC_PREPROCESSOR_DEFINITIONS = (
					"DEBUG=1",
					"$(inherited)",
				);
				GCC_WARN_64_TO_32_BIT_CONVERSION = YES;
				GCC_WARN_ABOUT_RETURN_TYPE = YES_ERROR;
				GCC_WARN_UNDECLARED_SELECTOR = YES;
				GCC_WARN_UNINITIALIZED_AUTOS = YES_AGGRESSIVE;
				GCC_WARN_UNUSED_FUNCTION = YES;
				GCC_WARN_UNUSED_VARIABLE = YES;
				IPHONEOS_DEPLOYMENT_TARGET = 9.2;
				MTL_ENABLE_DEBUG_INFO = YES;
				ONLY_ACTIVE_ARCH = YES;
				SDKROOT = iphoneos;
				TARGETED_DEVICE_FAMILY = "1,2";
			};
			name = Debug;
		};
		74372DDC1C9EB14000A27DAD /* Release */ = {
			isa = XCBuildConfiguration;
			buildSettings = {
				ALWAYS_SEARCH_USER_PATHS = NO;
				CLANG_CXX_LANGUAGE_STANDARD = "gnu++0x";
				CLANG_CXX_LIBRARY = "libc++";
				CLANG_ENABLE_MODULES = YES;
				CLANG_ENABLE_OBJC_ARC = YES;
				CLANG_WARN_BOOL_CONVERSION = YES;
				CLANG_WARN_CONSTANT_CONVERSION = YES;
				CLANG_WARN_DIRECT_OBJC_ISA_USAGE = YES_ERROR;
				CLANG_WARN_EMPTY_BODY = YES;
				CLANG_WARN_ENUM_CONVERSION = YES;
				CLANG_WARN_INT_CONVERSION = YES;
				CLANG_WARN_OBJC_ROOT_CLASS = YES_ERROR;
				CLANG_WARN_UNREACHABLE_CODE = YES;
				CLANG_WARN__DUPLICATE_METHOD_MATCH = YES;
				"CODE_SIGN_IDENTITY[sdk=iphoneos*]" = "iPhone Developer";
				COPY_PHASE_STRIP = NO;
				DEBUG_INFORMATION_FORMAT = "dwarf-with-dsym";
				ENABLE_NS_ASSERTIONS = NO;
				ENABLE_STRICT_OBJC_MSGSEND = YES;
				GCC_C_LANGUAGE_STANDARD = gnu99;
				GCC_NO_COMMON_BLOCKS = YES;
				GCC_WARN_64_TO_32_BIT_CONVERSION = YES;
				GCC_WARN_ABOUT_RETURN_TYPE = YES_ERROR;
				GCC_WARN_UNDECLARED_SELECTOR = YES;
				GCC_WARN_UNINITIALIZED_AUTOS = YES_AGGRESSIVE;
				GCC_WARN_UNUSED_FUNCTION = YES;
				GCC_WARN_UNUSED_VARIABLE = YES;
				IPHONEOS_DEPLOYMENT_TARGET = 9.2;
				MTL_ENABLE_DEBUG_INFO = NO;
				SDKROOT = iphoneos;
				TARGETED_DEVICE_FAMILY = "1,2";
				VALIDATE_PRODUCT = YES;
			};
			name = Release;
		};
		74372DDE1C9EB14000A27DAD /* Debug */ = {
			isa = XCBuildConfiguration;
			buildSettings = {
				ASSETCATALOG_COMPILER_APPICON_NAME = AppIcon;
				GCC_PREFIX_HEADER = WeChat/WeChat.pch;
				INFOPLIST_FILE = WeChat/Info.plist;
				LD_RUNPATH_SEARCH_PATHS = "$(inherited) @executable_path/Frameworks";
				PRODUCT_BUNDLE_IDENTIFIER = com.v2tech.commbarEnt;
				PRODUCT_NAME = "$(TARGET_NAME)";
				PROVISIONING_PROFILE = "d2a4ac45-b3d7-483c-9965-b352d55724e7";
			};
			name = Debug;
		};
		74372DDF1C9EB14000A27DAD /* Release */ = {
			isa = XCBuildConfiguration;
			buildSettings = {
				ASSETCATALOG_COMPILER_APPICON_NAME = AppIcon;
				GCC_PREFIX_HEADER = WeChat/WeChat.pch;
				INFOPLIST_FILE = WeChat/Info.plist;
				LD_RUNPATH_SEARCH_PATHS = "$(inherited) @executable_path/Frameworks";
				PRODUCT_BUNDLE_IDENTIFIER = com.v2tech.commbarEnt;
				PRODUCT_NAME = "$(TARGET_NAME)";
				PROVISIONING_PROFILE = "d2a4ac45-b3d7-483c-9965-b352d55724e7";
			};
			name = Release;
		};
		74372DE11C9EB14000A27DAD /* Debug */ = {
			isa = XCBuildConfiguration;
			buildSettings = {
				BUNDLE_LOADER = "$(TEST_HOST)";
				INFOPLIST_FILE = WeChatTests/Info.plist;
				LD_RUNPATH_SEARCH_PATHS = "$(inherited) @executable_path/Frameworks @loader_path/Frameworks";
				PRODUCT_BUNDLE_IDENTIFIER = com.birneysky.WeChatTests;
				PRODUCT_NAME = "$(TARGET_NAME)";
				TEST_HOST = "$(BUILT_PRODUCTS_DIR)/WeChat.app/WeChat";
			};
			name = Debug;
		};
		74372DE21C9EB14000A27DAD /* Release */ = {
			isa = XCBuildConfiguration;
			buildSettings = {
				BUNDLE_LOADER = "$(TEST_HOST)";
				INFOPLIST_FILE = WeChatTests/Info.plist;
				LD_RUNPATH_SEARCH_PATHS = "$(inherited) @executable_path/Frameworks @loader_path/Frameworks";
				PRODUCT_BUNDLE_IDENTIFIER = com.birneysky.WeChatTests;
				PRODUCT_NAME = "$(TARGET_NAME)";
				TEST_HOST = "$(BUILT_PRODUCTS_DIR)/WeChat.app/WeChat";
			};
			name = Release;
		};
		74372DE41C9EB14000A27DAD /* Debug */ = {
			isa = XCBuildConfiguration;
			buildSettings = {
				INFOPLIST_FILE = WeChatUITests/Info.plist;
				LD_RUNPATH_SEARCH_PATHS = "$(inherited) @executable_path/Frameworks @loader_path/Frameworks";
				PRODUCT_BUNDLE_IDENTIFIER = com.birneysky.WeChatUITests;
				PRODUCT_NAME = "$(TARGET_NAME)";
				TEST_TARGET_NAME = WeChat;
				USES_XCTRUNNER = YES;
			};
			name = Debug;
		};
		74372DE51C9EB14000A27DAD /* Release */ = {
			isa = XCBuildConfiguration;
			buildSettings = {
				INFOPLIST_FILE = WeChatUITests/Info.plist;
				LD_RUNPATH_SEARCH_PATHS = "$(inherited) @executable_path/Frameworks @loader_path/Frameworks";
				PRODUCT_BUNDLE_IDENTIFIER = com.birneysky.WeChatUITests;
				PRODUCT_NAME = "$(TARGET_NAME)";
				TEST_TARGET_NAME = WeChat;
				USES_XCTRUNNER = YES;
			};
			name = Release;
		};
/* End XCBuildConfiguration section */

/* Begin XCConfigurationList section */
		74372DAB1C9EB14000A27DAD /* Build configuration list for PBXProject "WeChat" */ = {
			isa = XCConfigurationList;
			buildConfigurations = (
				74372DDB1C9EB14000A27DAD /* Debug */,
				74372DDC1C9EB14000A27DAD /* Release */,
			);
			defaultConfigurationIsVisible = 0;
			defaultConfigurationName = Release;
		};
		74372DDD1C9EB14000A27DAD /* Build configuration list for PBXNativeTarget "WeChat" */ = {
			isa = XCConfigurationList;
			buildConfigurations = (
				74372DDE1C9EB14000A27DAD /* Debug */,
				74372DDF1C9EB14000A27DAD /* Release */,
			);
			defaultConfigurationIsVisible = 0;
			defaultConfigurationName = Release;
		};
		74372DE01C9EB14000A27DAD /* Build configuration list for PBXNativeTarget "WeChatTests" */ = {
			isa = XCConfigurationList;
			buildConfigurations = (
				74372DE11C9EB14000A27DAD /* Debug */,
				74372DE21C9EB14000A27DAD /* Release */,
			);
			defaultConfigurationIsVisible = 0;
			defaultConfigurationName = Release;
		};
		74372DE31C9EB14000A27DAD /* Build configuration list for PBXNativeTarget "WeChatUITests" */ = {
			isa = XCConfigurationList;
			buildConfigurations = (
				74372DE41C9EB14000A27DAD /* Debug */,
				74372DE51C9EB14000A27DAD /* Release */,
			);
			defaultConfigurationIsVisible = 0;
			defaultConfigurationName = Release;
		};
/* End XCConfigurationList section */

/* Begin XCVersionGroup section */
		74CB658B1CC20D680071E1A3 /* WeChat.xcdatamodeld */ = {
			isa = XCVersionGroup;
			children = (
				74CB658C1CC20D680071E1A3 /* WeChat.xcdatamodel */,
			);
			currentVersion = 74CB658C1CC20D680071E1A3 /* WeChat.xcdatamodel */;
			path = WeChat.xcdatamodeld;
			sourceTree = "<group>";
			versionGroupType = wrapper.xcdatamodel;
		};
/* End XCVersionGroup section */
	};
	rootObject = 74372DA81C9EB14000A27DAD /* Project object */;
}
